
Microsoft Visual Studio Solution File, Format Version 12.00
# Visual Studio Version 17
VisualStudioVersion = 17.9.34714.143
MinimumVisualStudioVersion = 10.0.40219.1
Project("{FAE04EC0-301F-11D3-BF4B-00C04F79EFBC}") = "VendasEntity1", "VendasEntity1\VendasEntity1.csproj", "{EAE07A63-A3D6-4BE0-86A5-593B22793BC4}"
EndProject
Global
	GlobalSection(SolutionConfigurationPlatforms) = preSolution
		Debug|Any CPU = Debug|Any CPU
		Release|Any CPU = Release|Any CPU
	EndGlobalSection
	GlobalSection(ProjectConfigurationPlatforms) = postSolution
		{EAE07A63-A3D6-4BE0-86A5-593B22793BC4}.Debug|Any CPU.ActiveCfg = Debug|Any CPU
		{EAE07A63-A3D6-4BE0-86A5-593B22793BC4}.Debug|Any CPU.Build.0 = Debug|Any CPU
		{EAE07A63-A3D6-4BE0-86A5-593B22793BC4}.Release|Any CPU.ActiveCfg = Release|Any CPU
		{EAE07A63-A3D6-4BE0-86A5-593B22793BC4}.Release|Any CPU.Build.0 = Release|Any CPU
	EndGlobalSection
	GlobalSection(SolutionProperties) = preSolution
		HideSolutionNode = FALSE
	EndGlobalSection
	GlobalSection(ExtensibilityGlobals) = postSolution
		SolutionGuid = {CBEEED47-AE87-41BC-846C-7CC08BDB48B3}
	EndGlobalSection
EndGlobal
